// !$*UTF8*$!
{
	archiveVersion = 1;
	classes = {
	};
	objectVersion = 51;
	objects = {

/* Begin PBXBuildFile section */
		10688515275467CE0057AD2D /* AddService.storyboard in Resources */ = {isa = PBXBuildFile; fileRef = 10688514275467CE0057AD2D /* AddService.storyboard */; };
		1068855A2755E28E0057AD2D /* ListNavigationController.swift in Sources */ = {isa = PBXBuildFile; fileRef = 106885592755E28E0057AD2D /* ListNavigationController.swift */; };
		10DC86B9274DEAC200BF5B97 /* ListViewController.swift in Sources */ = {isa = PBXBuildFile; fileRef = 10DC86B6274DEAC100BF5B97 /* ListViewController.swift */; };
		10DC86BA274DEAC200BF5B97 /* DetailViewController.swift in Sources */ = {isa = PBXBuildFile; fileRef = 10DC86B7274DEAC100BF5B97 /* DetailViewController.swift */; };
		39633FE1272649800079E845 /* AppDelegate.swift in Sources */ = {isa = PBXBuildFile; fileRef = 39633FE0272649800079E845 /* AppDelegate.swift */; };
		39633FE3272649800079E845 /* SceneDelegate.swift in Sources */ = {isa = PBXBuildFile; fileRef = 39633FE2272649800079E845 /* SceneDelegate.swift */; };
		39633FEA272649830079E845 /* Assets.xcassets in Resources */ = {isa = PBXBuildFile; fileRef = 39633FE9272649830079E845 /* Assets.xcassets */; };
		39633FF7272651570079E845 /* GmarketSansBold.otf in Resources */ = {isa = PBXBuildFile; fileRef = 39633FF6272651520079E845 /* GmarketSansBold.otf */; };
		39633FF8272651580079E845 /* GmarketSansMedium.otf in Resources */ = {isa = PBXBuildFile; fileRef = 39633FF5272651520079E845 /* GmarketSansMedium.otf */; };
		39633FFA272655E40079E845 /* LoginViewController.swift in Sources */ = {isa = PBXBuildFile; fileRef = 39633FF9272655E40079E845 /* LoginViewController.swift */; };
		39633FFC27265A080079E845 /* HomeViewController.swift in Sources */ = {isa = PBXBuildFile; fileRef = 39633FFB27265A080079E845 /* HomeViewController.swift */; };
		3963407D2727C64D0079E845 /* ListSubscriptionCell.swift in Sources */ = {isa = PBXBuildFile; fileRef = 3963407C2727C64D0079E845 /* ListSubscriptionCell.swift */; };
		3963407F2727C6520079E845 /* StatisticsViewController.swift in Sources */ = {isa = PBXBuildFile; fileRef = 3963407E2727C6520079E845 /* StatisticsViewController.swift */; };
		396340832727D2930079E845 /* AddSubscriptionListViewController.swift in Sources */ = {isa = PBXBuildFile; fileRef = 396340822727D2930079E845 /* AddSubscriptionListViewController.swift */; };
		396340852727DF600079E845 /* AddSubscriptionCell.swift in Sources */ = {isa = PBXBuildFile; fileRef = 396340842727DF600079E845 /* AddSubscriptionCell.swift */; };
		396340872727E4E30079E845 /* AddSubscriptionDetailViewController.swift in Sources */ = {isa = PBXBuildFile; fileRef = 396340862727E4E20079E845 /* AddSubscriptionDetailViewController.swift */; };
		396340A6272924260079E845 /* TabBarController.swift in Sources */ = {isa = PBXBuildFile; fileRef = 396340A5272924260079E845 /* TabBarController.swift */; };
		396340CF272A4AD90079E845 /* SelectPlanCell.swift in Sources */ = {isa = PBXBuildFile; fileRef = 396340CD272A4AD90079E845 /* SelectPlanCell.swift */; };
		396340D0272A4AD90079E845 /* SelectPlanCell.xib in Resources */ = {isa = PBXBuildFile; fileRef = 396340CE272A4AD90079E845 /* SelectPlanCell.xib */; };
		398EAF31274D02A80026ED60 /* MonthlyStatisticsViewController.swift in Sources */ = {isa = PBXBuildFile; fileRef = 398EAF30274D02A80026ED60 /* MonthlyStatisticsViewController.swift */; };
		398EAF33274D291A0026ED60 /* AllStatisticsViewController.swift in Sources */ = {isa = PBXBuildFile; fileRef = 398EAF32274D291A0026ED60 /* AllStatisticsViewController.swift */; };
		5D127B032747A90700E406C3 /* .swiftlint.yml in Resources */ = {isa = PBXBuildFile; fileRef = 5D127B022747A90700E406C3 /* .swiftlint.yml */; };
		5D127B072747AB2000E406C3 /* Statistics.storyboard in Resources */ = {isa = PBXBuildFile; fileRef = 5D127B062747AB2000E406C3 /* Statistics.storyboard */; };
		5D127B092747AB5500E406C3 /* List.storyboard in Resources */ = {isa = PBXBuildFile; fileRef = 5D127B082747AB5500E406C3 /* List.storyboard */; };
		5D127B0B2747ABAB00E406C3 /* Login.storyboard in Resources */ = {isa = PBXBuildFile; fileRef = 5D127B0A2747ABAB00E406C3 /* Login.storyboard */; };
		5D20028D274FB44C00C21E14 /* UIStoryboard+Extension.swift in Sources */ = {isa = PBXBuildFile; fileRef = 5D20028C274FB44C00C21E14 /* UIStoryboard+Extension.swift */; };
		5D20028F274FB4D500C21E14 /* UserDefaults+Extension.swift in Sources */ = {isa = PBXBuildFile; fileRef = 5D20028E274FB4D500C21E14 /* UserDefaults+Extension.swift */; };
		5D2002942754B6E500C21E14 /* DefaultSubscription.swift in Sources */ = {isa = PBXBuildFile; fileRef = 5D2002932754B6E400C21E14 /* DefaultSubscription.swift */; };
		5D5CD3AC274E19230082DBE8 /* SubscriptionRepository.swift in Sources */ = {isa = PBXBuildFile; fileRef = 5D5CD3AB274E19230082DBE8 /* SubscriptionRepository.swift */; };
		5D5CD3B0274E24A70082DBE8 /* DefaultSubscriptionRepository.swift in Sources */ = {isa = PBXBuildFile; fileRef = 5D5CD3AF274E24A70082DBE8 /* DefaultSubscriptionRepository.swift */; };
		5D9AEDF8274C9B1200E06F3B /* DateHelper.swift in Sources */ = {isa = PBXBuildFile; fileRef = 5D9AEDF7274C9B1200E06F3B /* DateHelper.swift */; };
		5D9AEDFA274CB66700E06F3B /* NavigationController.swift in Sources */ = {isa = PBXBuildFile; fileRef = 5D9AEDF9274CB66700E06F3B /* NavigationController.swift */; };
		5DA9FA01274D084200D72377 /* ImageCache.swift in Sources */ = {isa = PBXBuildFile; fileRef = 5DA9FA00274D084200D72377 /* ImageCache.swift */; };
		5DA9FA03274D222000D72377 /* UIImage+Extension.swift in Sources */ = {isa = PBXBuildFile; fileRef = 5DA9FA02274D222000D72377 /* UIImage+Extension.swift */; };
		5DA9FA0A274DB13200D72377 /* DefaultSubscriptionRequest.swift in Sources */ = {isa = PBXBuildFile; fileRef = 5DA9FA09274DB13200D72377 /* DefaultSubscriptionRequest.swift */; };
		5DBCAB362733E60200343733 /* UIColor+Extension.swift in Sources */ = {isa = PBXBuildFile; fileRef = 5DBCAB352733E60200343733 /* UIColor+Extension.swift */; };
		5DBCAB412733F74C00343733 /* ReusableView.swift in Sources */ = {isa = PBXBuildFile; fileRef = 5DBCAB402733F74C00343733 /* ReusableView.swift */; };
		5DBF027D274345F800FE6C1D /* Home.storyboard in Resources */ = {isa = PBXBuildFile; fileRef = 5DBF027C274345F800FE6C1D /* Home.storyboard */; };
		5DF276FD27435FB9003C434B /* LaunchScreen.storyboard in Resources */ = {isa = PBXBuildFile; fileRef = 5DF276FB27435FB9003C434B /* LaunchScreen.storyboard */; };
		5DF276FF27435FCE003C434B /* Main.storyboard in Resources */ = {isa = PBXBuildFile; fileRef = 5DF276FE27435FCE003C434B /* Main.storyboard */; };
		5DF277102743B609003C434B /* HomeSubscriptionCell.swift in Sources */ = {isa = PBXBuildFile; fileRef = 5DF2770F2743B609003C434B /* HomeSubscriptionCell.swift */; };
		5DF277152743C945003C434B /* Subscription.swift in Sources */ = {isa = PBXBuildFile; fileRef = 5DF277142743C945003C434B /* Subscription.swift */; };
		A0066EB4F690B1C972178648 /* Pods_kkuduck.framework in Frameworks */ = {isa = PBXBuildFile; fileRef = FE84AD19E314C0738A30ECD0 /* Pods_kkuduck.framework */; };
/* End PBXBuildFile section */

/* Begin PBXFileReference section */
		10688514275467CE0057AD2D /* AddService.storyboard */ = {isa = PBXFileReference; fileEncoding = 4; lastKnownFileType = file.storyboard; path = AddService.storyboard; sourceTree = "<group>"; };
		106885592755E28E0057AD2D /* ListNavigationController.swift */ = {isa = PBXFileReference; lastKnownFileType = sourcecode.swift; path = ListNavigationController.swift; sourceTree = "<group>"; };
		10DC86B6274DEAC100BF5B97 /* ListViewController.swift */ = {isa = PBXFileReference; fileEncoding = 4; lastKnownFileType = sourcecode.swift; path = ListViewController.swift; sourceTree = "<group>"; };
		10DC86B7274DEAC100BF5B97 /* DetailViewController.swift */ = {isa = PBXFileReference; fileEncoding = 4; lastKnownFileType = sourcecode.swift; path = DetailViewController.swift; sourceTree = "<group>"; };
		39633FDD272649800079E845 /* kkuduck.app */ = {isa = PBXFileReference; explicitFileType = wrapper.application; includeInIndex = 0; path = kkuduck.app; sourceTree = BUILT_PRODUCTS_DIR; };
		39633FE0272649800079E845 /* AppDelegate.swift */ = {isa = PBXFileReference; lastKnownFileType = sourcecode.swift; path = AppDelegate.swift; sourceTree = "<group>"; };
		39633FE2272649800079E845 /* SceneDelegate.swift */ = {isa = PBXFileReference; lastKnownFileType = sourcecode.swift; path = SceneDelegate.swift; sourceTree = "<group>"; };
		39633FE9272649830079E845 /* Assets.xcassets */ = {isa = PBXFileReference; lastKnownFileType = folder.assetcatalog; path = Assets.xcassets; sourceTree = "<group>"; };
		39633FEE272649830079E845 /* Info.plist */ = {isa = PBXFileReference; lastKnownFileType = text.plist.xml; path = Info.plist; sourceTree = "<group>"; };
		39633FF5272651520079E845 /* GmarketSansMedium.otf */ = {isa = PBXFileReference; lastKnownFileType = file; name = GmarketSansMedium.otf; path = kkuduck/Resources/Fonts/GmarketSansMedium.otf; sourceTree = SOURCE_ROOT; };
		39633FF6272651520079E845 /* GmarketSansBold.otf */ = {isa = PBXFileReference; lastKnownFileType = file; name = GmarketSansBold.otf; path = kkuduck/Resources/Fonts/GmarketSansBold.otf; sourceTree = SOURCE_ROOT; };
		39633FF9272655E40079E845 /* LoginViewController.swift */ = {isa = PBXFileReference; lastKnownFileType = sourcecode.swift; path = LoginViewController.swift; sourceTree = "<group>"; };
		39633FFB27265A080079E845 /* HomeViewController.swift */ = {isa = PBXFileReference; lastKnownFileType = sourcecode.swift; path = HomeViewController.swift; sourceTree = "<group>"; };
		3963407C2727C64D0079E845 /* ListSubscriptionCell.swift */ = {isa = PBXFileReference; fileEncoding = 4; lastKnownFileType = sourcecode.swift; path = ListSubscriptionCell.swift; sourceTree = "<group>"; };
		3963407E2727C6520079E845 /* StatisticsViewController.swift */ = {isa = PBXFileReference; fileEncoding = 4; lastKnownFileType = sourcecode.swift; path = StatisticsViewController.swift; sourceTree = "<group>"; };
		396340822727D2930079E845 /* AddSubscriptionListViewController.swift */ = {isa = PBXFileReference; lastKnownFileType = sourcecode.swift; path = AddSubscriptionListViewController.swift; sourceTree = "<group>"; };
		396340842727DF600079E845 /* AddSubscriptionCell.swift */ = {isa = PBXFileReference; lastKnownFileType = sourcecode.swift; path = AddSubscriptionCell.swift; sourceTree = "<group>"; };
		396340862727E4E20079E845 /* AddSubscriptionDetailViewController.swift */ = {isa = PBXFileReference; lastKnownFileType = sourcecode.swift; path = AddSubscriptionDetailViewController.swift; sourceTree = "<group>"; };
		396340A5272924260079E845 /* TabBarController.swift */ = {isa = PBXFileReference; lastKnownFileType = sourcecode.swift; path = TabBarController.swift; sourceTree = "<group>"; };
		396340CD272A4AD90079E845 /* SelectPlanCell.swift */ = {isa = PBXFileReference; lastKnownFileType = sourcecode.swift; path = SelectPlanCell.swift; sourceTree = "<group>"; };
		396340CE272A4AD90079E845 /* SelectPlanCell.xib */ = {isa = PBXFileReference; lastKnownFileType = file.xib; path = SelectPlanCell.xib; sourceTree = "<group>"; };
		398EAF30274D02A80026ED60 /* MonthlyStatisticsViewController.swift */ = {isa = PBXFileReference; lastKnownFileType = sourcecode.swift; path = MonthlyStatisticsViewController.swift; sourceTree = "<group>"; };
		398EAF32274D291A0026ED60 /* AllStatisticsViewController.swift */ = {isa = PBXFileReference; lastKnownFileType = sourcecode.swift; path = AllStatisticsViewController.swift; sourceTree = "<group>"; };
		5D127B022747A90700E406C3 /* .swiftlint.yml */ = {isa = PBXFileReference; lastKnownFileType = text.yaml; path = .swiftlint.yml; sourceTree = "<group>"; };
		5D127B062747AB2000E406C3 /* Statistics.storyboard */ = {isa = PBXFileReference; fileEncoding = 4; lastKnownFileType = file.storyboard; path = Statistics.storyboard; sourceTree = "<group>"; };
		5D127B082747AB5500E406C3 /* List.storyboard */ = {isa = PBXFileReference; fileEncoding = 4; lastKnownFileType = file.storyboard; name = List.storyboard; path = "kkuduck/View Controllers/Tab/List/List.storyboard"; sourceTree = SOURCE_ROOT; };
		5D127B0A2747ABAB00E406C3 /* Login.storyboard */ = {isa = PBXFileReference; fileEncoding = 4; lastKnownFileType = file.storyboard; name = Login.storyboard; path = kkuduck/Storyboards/Login.storyboard; sourceTree = SOURCE_ROOT; };
		5D20028C274FB44C00C21E14 /* UIStoryboard+Extension.swift */ = {isa = PBXFileReference; lastKnownFileType = sourcecode.swift; path = "UIStoryboard+Extension.swift"; sourceTree = "<group>"; };
		5D20028E274FB4D500C21E14 /* UserDefaults+Extension.swift */ = {isa = PBXFileReference; lastKnownFileType = sourcecode.swift; path = "UserDefaults+Extension.swift"; sourceTree = "<group>"; };
		5D2002932754B6E400C21E14 /* DefaultSubscription.swift */ = {isa = PBXFileReference; lastKnownFileType = sourcecode.swift; path = DefaultSubscription.swift; sourceTree = "<group>"; };
		5D5CD3AB274E19230082DBE8 /* SubscriptionRepository.swift */ = {isa = PBXFileReference; lastKnownFileType = sourcecode.swift; path = SubscriptionRepository.swift; sourceTree = "<group>"; };
		5D5CD3AF274E24A70082DBE8 /* DefaultSubscriptionRepository.swift */ = {isa = PBXFileReference; lastKnownFileType = sourcecode.swift; path = DefaultSubscriptionRepository.swift; sourceTree = "<group>"; };
		5D9AEDF7274C9B1200E06F3B /* DateHelper.swift */ = {isa = PBXFileReference; lastKnownFileType = sourcecode.swift; path = DateHelper.swift; sourceTree = "<group>"; };
		5D9AEDF9274CB66700E06F3B /* NavigationController.swift */ = {isa = PBXFileReference; lastKnownFileType = sourcecode.swift; path = NavigationController.swift; sourceTree = "<group>"; };
		5DA9FA00274D084200D72377 /* ImageCache.swift */ = {isa = PBXFileReference; lastKnownFileType = sourcecode.swift; path = ImageCache.swift; sourceTree = "<group>"; };
		5DA9FA02274D222000D72377 /* UIImage+Extension.swift */ = {isa = PBXFileReference; lastKnownFileType = sourcecode.swift; path = "UIImage+Extension.swift"; sourceTree = "<group>"; };
		5DA9FA09274DB13200D72377 /* DefaultSubscriptionRequest.swift */ = {isa = PBXFileReference; lastKnownFileType = sourcecode.swift; path = DefaultSubscriptionRequest.swift; sourceTree = "<group>"; };
		5DBCAB352733E60200343733 /* UIColor+Extension.swift */ = {isa = PBXFileReference; lastKnownFileType = sourcecode.swift; path = "UIColor+Extension.swift"; sourceTree = "<group>"; };
		5DBCAB402733F74C00343733 /* ReusableView.swift */ = {isa = PBXFileReference; lastKnownFileType = sourcecode.swift; path = ReusableView.swift; sourceTree = "<group>"; };
		5DBF027C274345F800FE6C1D /* Home.storyboard */ = {isa = PBXFileReference; fileEncoding = 4; lastKnownFileType = file.storyboard; name = Home.storyboard; path = kkuduck/Storyboards/Home.storyboard; sourceTree = SOURCE_ROOT; };
		5DF276FC27435FB9003C434B /* Base */ = {isa = PBXFileReference; lastKnownFileType = file.storyboard; name = Base; path = Base.lproj/LaunchScreen.storyboard; sourceTree = "<group>"; };
		5DF276FE27435FCE003C434B /* Main.storyboard */ = {isa = PBXFileReference; fileEncoding = 4; lastKnownFileType = file.storyboard; path = Main.storyboard; sourceTree = "<group>"; };
		5DF2770F2743B609003C434B /* HomeSubscriptionCell.swift */ = {isa = PBXFileReference; lastKnownFileType = sourcecode.swift; path = HomeSubscriptionCell.swift; sourceTree = "<group>"; };
		5DF277142743C945003C434B /* Subscription.swift */ = {isa = PBXFileReference; lastKnownFileType = sourcecode.swift; path = Subscription.swift; sourceTree = "<group>"; };
		AB4C7738B9E157DF5B5D05B9 /* Pods-kkuduck.debug.xcconfig */ = {isa = PBXFileReference; includeInIndex = 1; lastKnownFileType = text.xcconfig; name = "Pods-kkuduck.debug.xcconfig"; path = "Target Support Files/Pods-kkuduck/Pods-kkuduck.debug.xcconfig"; sourceTree = "<group>"; };
		E6B060A5EE82B12F09AD5F4A /* Pods-kkuduck.release.xcconfig */ = {isa = PBXFileReference; includeInIndex = 1; lastKnownFileType = text.xcconfig; name = "Pods-kkuduck.release.xcconfig"; path = "Target Support Files/Pods-kkuduck/Pods-kkuduck.release.xcconfig"; sourceTree = "<group>"; };
		FE84AD19E314C0738A30ECD0 /* Pods_kkuduck.framework */ = {isa = PBXFileReference; explicitFileType = wrapper.framework; includeInIndex = 0; path = Pods_kkuduck.framework; sourceTree = BUILT_PRODUCTS_DIR; };
/* End PBXFileReference section */

/* Begin PBXFrameworksBuildPhase section */
		39633FDA2726497F0079E845 /* Frameworks */ = {
			isa = PBXFrameworksBuildPhase;
			buildActionMask = 2147483647;
			files = (
				A0066EB4F690B1C972178648 /* Pods_kkuduck.framework in Frameworks */,
			);
			runOnlyForDeploymentPostprocessing = 0;
		};
/* End PBXFrameworksBuildPhase section */

/* Begin PBXGroup section */
		04376B44EADD78797287DAC0 /* Pods */ = {
			isa = PBXGroup;
			children = (
				AB4C7738B9E157DF5B5D05B9 /* Pods-kkuduck.debug.xcconfig */,
				E6B060A5EE82B12F09AD5F4A /* Pods-kkuduck.release.xcconfig */,
			);
			path = Pods;
			sourceTree = "<group>";
		};
		39633FD42726497F0079E845 = {
			isa = PBXGroup;
			children = (
				5D127B022747A90700E406C3 /* .swiftlint.yml */,
				39633FDF272649800079E845 /* kkuduck */,
				39633FDE272649800079E845 /* Products */,
				04376B44EADD78797287DAC0 /* Pods */,
				BA3645781EFEBD3639E4E467 /* Frameworks */,
			);
			sourceTree = "<group>";
		};
		39633FDE272649800079E845 /* Products */ = {
			isa = PBXGroup;
			children = (
				39633FDD272649800079E845 /* kkuduck.app */,
			);
			name = Products;
			sourceTree = "<group>";
		};
		39633FDF272649800079E845 /* kkuduck */ = {
			isa = PBXGroup;
			children = (
				5DBCAB3C2733EDFC00343733 /* Application Delegate */,
				5DF277162743C94D003C434B /* Models */,
				5DBCAB392733ED7600343733 /* View Controllers */,
				5DBCAB382733EA2800343733 /* Storyboards */,
				5DA9F9FF274D07C800D72377 /* Repository */,
				5DBCAB342733E5FA00343733 /* Utils */,
				5DBCAB372733E95000343733 /* Resources */,
				5DBCAB3F2733EEFC00343733 /* Supporting Files */,
			);
			path = kkuduck;
			sourceTree = "<group>";
		};
		39633FF4272651490079E845 /* Fonts */ = {
			isa = PBXGroup;
			children = (
				39633FF6272651520079E845 /* GmarketSansBold.otf */,
				39633FF5272651520079E845 /* GmarketSansMedium.otf */,
			);
			path = Fonts;
			sourceTree = "<group>";
		};
		5DA9F9FF274D07C800D72377 /* Repository */ = {
			isa = PBXGroup;
			children = (
				5D5CD3AB274E19230082DBE8 /* SubscriptionRepository.swift */,
				5D5CD3AF274E24A70082DBE8 /* DefaultSubscriptionRepository.swift */,
				5DA9FA09274DB13200D72377 /* DefaultSubscriptionRequest.swift */,
			);
			path = Repository;
			sourceTree = "<group>";
		};
		5DBCAB342733E5FA00343733 /* Utils */ = {
			isa = PBXGroup;
			children = (
				5D20028C274FB44C00C21E14 /* UIStoryboard+Extension.swift */,
				5DBCAB352733E60200343733 /* UIColor+Extension.swift */,
				5DA9FA02274D222000D72377 /* UIImage+Extension.swift */,
				5DBCAB402733F74C00343733 /* ReusableView.swift */,
				5D9AEDF7274C9B1200E06F3B /* DateHelper.swift */,
				5DA9FA00274D084200D72377 /* ImageCache.swift */,
				5D20028E274FB4D500C21E14 /* UserDefaults+Extension.swift */,
			);
			path = Utils;
			sourceTree = "<group>";
		};
		5DBCAB372733E95000343733 /* Resources */ = {
			isa = PBXGroup;
			children = (
				39633FF4272651490079E845 /* Fonts */,
				39633FE9272649830079E845 /* Assets.xcassets */,
			);
			path = Resources;
			sourceTree = "<group>";
		};
		5DBCAB382733EA2800343733 /* Storyboards */ = {
			isa = PBXGroup;
			children = (
				5DF276FB27435FB9003C434B /* LaunchScreen.storyboard */,
				5DF276FE27435FCE003C434B /* Main.storyboard */,
			);
			path = Storyboards;
			sourceTree = "<group>";
		};
		5DBCAB392733ED7600343733 /* View Controllers */ = {
			isa = PBXGroup;
			children = (
				5DBF02742743415E00FE6C1D /* Login */,
				5DBF02752743417400FE6C1D /* Tab */,
			);
			path = "View Controllers";
			sourceTree = "<group>";
		};
		5DBCAB3C2733EDFC00343733 /* Application Delegate */ = {
			isa = PBXGroup;
			children = (
				39633FE0272649800079E845 /* AppDelegate.swift */,
				39633FE2272649800079E845 /* SceneDelegate.swift */,
			);
			path = "Application Delegate";
			sourceTree = "<group>";
		};
		5DBCAB3F2733EEFC00343733 /* Supporting Files */ = {
			isa = PBXGroup;
			children = (
				39633FEE272649830079E845 /* Info.plist */,
			);
			path = "Supporting Files";
			sourceTree = "<group>";
		};
		5DBF02742743415E00FE6C1D /* Login */ = {
			isa = PBXGroup;
			children = (
				5D127B0A2747ABAB00E406C3 /* Login.storyboard */,
				39633FF9272655E40079E845 /* LoginViewController.swift */,
			);
			path = Login;
			sourceTree = "<group>";
		};
		5DBF02752743417400FE6C1D /* Tab */ = {
			isa = PBXGroup;
			children = (
				396340A5272924260079E845 /* TabBarController.swift */,
				5DBF02762743418D00FE6C1D /* Home */,
				5DBF0278274341AE00FE6C1D /* Statistics */,
				5DBF02772743419600FE6C1D /* List */,
			);
			path = Tab;
			sourceTree = "<group>";
		};
		5DBF02762743418D00FE6C1D /* Home */ = {
			isa = PBXGroup;
			children = (
				5DF2770E2743B588003C434B /* Cells */,
				5DBF027C274345F800FE6C1D /* Home.storyboard */,
				39633FFB27265A080079E845 /* HomeViewController.swift */,
			);
			path = Home;
			sourceTree = "<group>";
		};
		5DBF02772743419600FE6C1D /* List */ = {
			isa = PBXGroup;
			children = (
				5D127B082747AB5500E406C3 /* List.storyboard */,
				10DC86B6274DEAC100BF5B97 /* ListViewController.swift */,
				5DBF027B274345A700FE6C1D /* Cells */,
				10DC86B7274DEAC100BF5B97 /* DetailViewController.swift */,
				106885592755E28E0057AD2D /* ListNavigationController.swift */,
				5DBF0279274341D100FE6C1D /* AddService */,
			);
			path = List;
			sourceTree = "<group>";
		};
		5DBF0278274341AE00FE6C1D /* Statistics */ = {
			isa = PBXGroup;
			children = (
				5D127B062747AB2000E406C3 /* Statistics.storyboard */,
				3963407E2727C6520079E845 /* StatisticsViewController.swift */,
				398EAF30274D02A80026ED60 /* MonthlyStatisticsViewController.swift */,
				398EAF32274D291A0026ED60 /* AllStatisticsViewController.swift */,
			);
			path = Statistics;
			sourceTree = "<group>";
		};
		5DBF0279274341D100FE6C1D /* AddService */ = {
			isa = PBXGroup;
			children = (
				10688514275467CE0057AD2D /* AddService.storyboard */,
				5DBF027A2743434000FE6C1D /* Cells */,
				396340822727D2930079E845 /* AddSubscriptionListViewController.swift */,
				396340862727E4E20079E845 /* AddSubscriptionDetailViewController.swift */,
				5D9AEDF9274CB66700E06F3B /* NavigationController.swift */,
			);
			path = AddService;
			sourceTree = "<group>";
		};
		5DBF027A2743434000FE6C1D /* Cells */ = {
			isa = PBXGroup;
			children = (
				396340842727DF600079E845 /* AddSubscriptionCell.swift */,
				396340CD272A4AD90079E845 /* SelectPlanCell.swift */,
				396340CE272A4AD90079E845 /* SelectPlanCell.xib */,
			);
			path = Cells;
			sourceTree = "<group>";
		};
		5DBF027B274345A700FE6C1D /* Cells */ = {
			isa = PBXGroup;
			children = (
				3963407C2727C64D0079E845 /* ListSubscriptionCell.swift */,
			);
			path = Cells;
			sourceTree = "<group>";
		};
		5DF2770E2743B588003C434B /* Cells */ = {
			isa = PBXGroup;
			children = (
				5DF2770F2743B609003C434B /* HomeSubscriptionCell.swift */,
			);
			path = Cells;
			sourceTree = "<group>";
		};
		5DF277162743C94D003C434B /* Models */ = {
			isa = PBXGroup;
			children = (
				5DF277142743C945003C434B /* Subscription.swift */,
				5D2002932754B6E400C21E14 /* DefaultSubscription.swift */,
			);
			path = Models;
			sourceTree = "<group>";
		};
		BA3645781EFEBD3639E4E467 /* Frameworks */ = {
			isa = PBXGroup;
			children = (
				FE84AD19E314C0738A30ECD0 /* Pods_kkuduck.framework */,
			);
			name = Frameworks;
			sourceTree = "<group>";
		};
/* End PBXGroup section */

/* Begin PBXNativeTarget section */
		39633FDC2726497F0079E845 /* kkuduck */ = {
			isa = PBXNativeTarget;
			buildConfigurationList = 39633FF1272649830079E845 /* Build configuration list for PBXNativeTarget "kkuduck" */;
			buildPhases = (
				513F913F105C09F19F78DC02 /* [CP] Check Pods Manifest.lock */,
				39633FD92726497F0079E845 /* Sources */,
				39633FDA2726497F0079E845 /* Frameworks */,
				39633FDB2726497F0079E845 /* Resources */,
				0E0E98A554F1A660449C8349 /* [CP] Embed Pods Frameworks */,
				5D127B012747A8DC00E406C3 /* ShellScript */,
			);
			buildRules = (
			);
			dependencies = (
			);
			name = kkuduck;
			productName = kkuduck;
			productReference = 39633FDD272649800079E845 /* kkuduck.app */;
			productType = "com.apple.product-type.application";
		};
/* End PBXNativeTarget section */

/* Begin PBXProject section */
		39633FD52726497F0079E845 /* Project object */ = {
			isa = PBXProject;
			attributes = {
				LastSwiftUpdateCheck = 1250;
				LastUpgradeCheck = 1250;
				TargetAttributes = {
					39633FDC2726497F0079E845 = {
						CreatedOnToolsVersion = 12.5.1;
					};
				};
			};
			buildConfigurationList = 39633FD82726497F0079E845 /* Build configuration list for PBXProject "kkuduck" */;
			compatibilityVersion = "Xcode 9.3";
			developmentRegion = en;
			hasScannedForEncodings = 0;
			knownRegions = (
				en,
				Base,
			);
			mainGroup = 39633FD42726497F0079E845;
			productRefGroup = 39633FDE272649800079E845 /* Products */;
			projectDirPath = "";
			projectRoot = "";
			targets = (
				39633FDC2726497F0079E845 /* kkuduck */,
			);
		};
/* End PBXProject section */

/* Begin PBXResourcesBuildPhase section */
		39633FDB2726497F0079E845 /* Resources */ = {
			isa = PBXResourcesBuildPhase;
			buildActionMask = 2147483647;
			files = (
				5D127B032747A90700E406C3 /* .swiftlint.yml in Resources */,
				5DF276FD27435FB9003C434B /* LaunchScreen.storyboard in Resources */,
				10688515275467CE0057AD2D /* AddService.storyboard in Resources */,
				5D127B0B2747ABAB00E406C3 /* Login.storyboard in Resources */,
				396340D0272A4AD90079E845 /* SelectPlanCell.xib in Resources */,
				5D127B072747AB2000E406C3 /* Statistics.storyboard in Resources */,
				39633FEA272649830079E845 /* Assets.xcassets in Resources */,
				5DBF027D274345F800FE6C1D /* Home.storyboard in Resources */,
				5D127B092747AB5500E406C3 /* List.storyboard in Resources */,
				39633FF7272651570079E845 /* GmarketSansBold.otf in Resources */,
				5DF276FF27435FCE003C434B /* Main.storyboard in Resources */,
				39633FF8272651580079E845 /* GmarketSansMedium.otf in Resources */,
			);
			runOnlyForDeploymentPostprocessing = 0;
		};
/* End PBXResourcesBuildPhase section */

/* Begin PBXShellScriptBuildPhase section */
		0E0E98A554F1A660449C8349 /* [CP] Embed Pods Frameworks */ = {
			isa = PBXShellScriptBuildPhase;
			buildActionMask = 2147483647;
			files = (
			);
			inputFileListPaths = (
				"${PODS_ROOT}/Target Support Files/Pods-kkuduck/Pods-kkuduck-frameworks-${CONFIGURATION}-input-files.xcfilelist",
			);
			name = "[CP] Embed Pods Frameworks";
			outputFileListPaths = (
				"${PODS_ROOT}/Target Support Files/Pods-kkuduck/Pods-kkuduck-frameworks-${CONFIGURATION}-output-files.xcfilelist",
			);
			runOnlyForDeploymentPostprocessing = 0;
			shellPath = /bin/sh;
			shellScript = "\"${PODS_ROOT}/Target Support Files/Pods-kkuduck/Pods-kkuduck-frameworks.sh\"\n";
			showEnvVarsInLog = 0;
		};
		513F913F105C09F19F78DC02 /* [CP] Check Pods Manifest.lock */ = {
			isa = PBXShellScriptBuildPhase;
			buildActionMask = 2147483647;
			files = (
			);
			inputFileListPaths = (
			);
			inputPaths = (
				"${PODS_PODFILE_DIR_PATH}/Podfile.lock",
				"${PODS_ROOT}/Manifest.lock",
			);
			name = "[CP] Check Pods Manifest.lock";
			outputFileListPaths = (
			);
			outputPaths = (
				"$(DERIVED_FILE_DIR)/Pods-kkuduck-checkManifestLockResult.txt",
			);
			runOnlyForDeploymentPostprocessing = 0;
			shellPath = /bin/sh;
			shellScript = "diff \"${PODS_PODFILE_DIR_PATH}/Podfile.lock\" \"${PODS_ROOT}/Manifest.lock\" > /dev/null\nif [ $? != 0 ] ; then\n    # print error to STDERR\n    echo \"error: The sandbox is not in sync with the Podfile.lock. Run 'pod install' or update your CocoaPods installation.\" >&2\n    exit 1\nfi\n# This output is used by Xcode 'outputs' to avoid re-running this script phase.\necho \"SUCCESS\" > \"${SCRIPT_OUTPUT_FILE_0}\"\n";
			showEnvVarsInLog = 0;
		};
		5D127B012747A8DC00E406C3 /* ShellScript */ = {
			isa = PBXShellScriptBuildPhase;
			buildActionMask = 2147483647;
			files = (
			);
			inputFileListPaths = (
			);
			inputPaths = (
			);
			outputFileListPaths = (
			);
			outputPaths = (
			);
			runOnlyForDeploymentPostprocessing = 0;
			shellPath = /bin/sh;
			shellScript = "\"${PODS_ROOT}/SwiftLint/swiftlint\" autocorrect\n";
		};
/* End PBXShellScriptBuildPhase section */

/* Begin PBXSourcesBuildPhase section */
		39633FD92726497F0079E845 /* Sources */ = {
			isa = PBXSourcesBuildPhase;
			buildActionMask = 2147483647;
			files = (
				5D5CD3AC274E19230082DBE8 /* SubscriptionRepository.swift in Sources */,
				3963407D2727C64D0079E845 /* ListSubscriptionCell.swift in Sources */,
				5DBCAB412733F74C00343733 /* ReusableView.swift in Sources */,
				1068855A2755E28E0057AD2D /* ListNavigationController.swift in Sources */,
				398EAF33274D291A0026ED60 /* AllStatisticsViewController.swift in Sources */,
				5DF277102743B609003C434B /* HomeSubscriptionCell.swift in Sources */,
				5DA9FA0A274DB13200D72377 /* DefaultSubscriptionRequest.swift in Sources */,
				5D5CD3B0274E24A70082DBE8 /* DefaultSubscriptionRepository.swift in Sources */,
				396340852727DF600079E845 /* AddSubscriptionCell.swift in Sources */,
				5D9AEDF8274C9B1200E06F3B /* DateHelper.swift in Sources */,
				5D2002942754B6E500C21E14 /* DefaultSubscription.swift in Sources */,
				10DC86BA274DEAC200BF5B97 /* DetailViewController.swift in Sources */,
				5D20028D274FB44C00C21E14 /* UIStoryboard+Extension.swift in Sources */,
				396340832727D2930079E845 /* AddSubscriptionListViewController.swift in Sources */,
				5DBCAB362733E60200343733 /* UIColor+Extension.swift in Sources */,
				5DA9FA03274D222000D72377 /* UIImage+Extension.swift in Sources */,
				39633FE1272649800079E845 /* AppDelegate.swift in Sources */,
				396340CF272A4AD90079E845 /* SelectPlanCell.swift in Sources */,
				3963407F2727C6520079E845 /* StatisticsViewController.swift in Sources */,
				5DA9FA01274D084200D72377 /* ImageCache.swift in Sources */,
				39633FE3272649800079E845 /* SceneDelegate.swift in Sources */,
				398EAF31274D02A80026ED60 /* MonthlyStatisticsViewController.swift in Sources */,
				39633FFA272655E40079E845 /* LoginViewController.swift in Sources */,
				5DF277152743C945003C434B /* Subscription.swift in Sources */,
				396340A6272924260079E845 /* TabBarController.swift in Sources */,
				5D9AEDFA274CB66700E06F3B /* NavigationController.swift in Sources */,
				39633FFC27265A080079E845 /* HomeViewController.swift in Sources */,
				10DC86B9274DEAC200BF5B97 /* ListViewController.swift in Sources */,
				5D20028F274FB4D500C21E14 /* UserDefaults+Extension.swift in Sources */,
				396340872727E4E30079E845 /* AddSubscriptionDetailViewController.swift in Sources */,
			);
			runOnlyForDeploymentPostprocessing = 0;
		};
/* End PBXSourcesBuildPhase section */

/* Begin PBXVariantGroup section */
		5DF276FB27435FB9003C434B /* LaunchScreen.storyboard */ = {
			isa = PBXVariantGroup;
			children = (
				5DF276FC27435FB9003C434B /* Base */,
			);
			name = LaunchScreen.storyboard;
			sourceTree = "<group>";
		};
/* End PBXVariantGroup section */

/* Begin XCBuildConfiguration section */
		39633FEF272649830079E845 /* Debug */ = {
			isa = XCBuildConfiguration;
			buildSettings = {
				ALWAYS_SEARCH_USER_PATHS = NO;
				CLANG_ANALYZER_NONNULL = YES;
				CLANG_ANALYZER_NUMBER_OBJECT_CONVERSION = YES_AGGRESSIVE;
				CLANG_CXX_LANGUAGE_STANDARD = "gnu++14";
				CLANG_CXX_LIBRARY = "libc++";
				CLANG_ENABLE_MODULES = YES;
				CLANG_ENABLE_OBJC_ARC = YES;
				CLANG_ENABLE_OBJC_WEAK = YES;
				CLANG_WARN_BLOCK_CAPTURE_AUTORELEASING = YES;
				CLANG_WARN_BOOL_CONVERSION = YES;
				CLANG_WARN_COMMA = YES;
				CLANG_WARN_CONSTANT_CONVERSION = YES;
				CLANG_WARN_DEPRECATED_OBJC_IMPLEMENTATIONS = YES;
				CLANG_WARN_DIRECT_OBJC_ISA_USAGE = YES_ERROR;
				CLANG_WARN_DOCUMENTATION_COMMENTS = YES;
				CLANG_WARN_EMPTY_BODY = YES;
				CLANG_WARN_ENUM_CONVERSION = YES;
				CLANG_WARN_INFINITE_RECURSION = YES;
				CLANG_WARN_INT_CONVERSION = YES;
				CLANG_WARN_NON_LITERAL_NULL_CONVERSION = YES;
				CLANG_WARN_OBJC_IMPLICIT_RETAIN_SELF = YES;
				CLANG_WARN_OBJC_LITERAL_CONVERSION = YES;
				CLANG_WARN_OBJC_ROOT_CLASS = YES_ERROR;
				CLANG_WARN_QUOTED_INCLUDE_IN_FRAMEWORK_HEADER = YES;
				CLANG_WARN_RANGE_LOOP_ANALYSIS = YES;
				CLANG_WARN_STRICT_PROTOTYPES = YES;
				CLANG_WARN_SUSPICIOUS_MOVE = YES;
				CLANG_WARN_UNGUARDED_AVAILABILITY = YES_AGGRESSIVE;
				CLANG_WARN_UNREACHABLE_CODE = YES;
				CLANG_WARN__DUPLICATE_METHOD_MATCH = YES;
				COPY_PHASE_STRIP = NO;
				DEBUG_INFORMATION_FORMAT = dwarf;
				ENABLE_STRICT_OBJC_MSGSEND = YES;
				ENABLE_TESTABILITY = YES;
				GCC_C_LANGUAGE_STANDARD = gnu11;
				GCC_DYNAMIC_NO_PIC = NO;
				GCC_NO_COMMON_BLOCKS = YES;
				GCC_OPTIMIZATION_LEVEL = 0;
				GCC_PREPROCESSOR_DEFINITIONS = (
					"DEBUG=1",
					"$(inherited)",
				);
				GCC_WARN_64_TO_32_BIT_CONVERSION = YES;
				GCC_WARN_ABOUT_RETURN_TYPE = YES_ERROR;
				GCC_WARN_UNDECLARED_SELECTOR = YES;
				GCC_WARN_UNINITIALIZED_AUTOS = YES_AGGRESSIVE;
				GCC_WARN_UNUSED_FUNCTION = YES;
				GCC_WARN_UNUSED_VARIABLE = YES;
				IPHONEOS_DEPLOYMENT_TARGET = 14.5;
				MTL_ENABLE_DEBUG_INFO = INCLUDE_SOURCE;
				MTL_FAST_MATH = YES;
				ONLY_ACTIVE_ARCH = YES;
				SDKROOT = iphoneos;
				SWIFT_ACTIVE_COMPILATION_CONDITIONS = DEBUG;
				SWIFT_OPTIMIZATION_LEVEL = "-Onone";
			};
			name = Debug;
		};
		39633FF0272649830079E845 /* Release */ = {
			isa = XCBuildConfiguration;
			buildSettings = {
				ALWAYS_SEARCH_USER_PATHS = NO;
				CLANG_ANALYZER_NONNULL = YES;
				CLANG_ANALYZER_NUMBER_OBJECT_CONVERSION = YES_AGGRESSIVE;
				CLANG_CXX_LANGUAGE_STANDARD = "gnu++14";
				CLANG_CXX_LIBRARY = "libc++";
				CLANG_ENABLE_MODULES = YES;
				CLANG_ENABLE_OBJC_ARC = YES;
				CLANG_ENABLE_OBJC_WEAK = YES;
				CLANG_WARN_BLOCK_CAPTURE_AUTORELEASING = YES;
				CLANG_WARN_BOOL_CONVERSION = YES;
				CLANG_WARN_COMMA = YES;
				CLANG_WARN_CONSTANT_CONVERSION = YES;
				CLANG_WARN_DEPRECATED_OBJC_IMPLEMENTATIONS = YES;
				CLANG_WARN_DIRECT_OBJC_ISA_USAGE = YES_ERROR;
				CLANG_WARN_DOCUMENTATION_COMMENTS = YES;
				CLANG_WARN_EMPTY_BODY = YES;
				CLANG_WARN_ENUM_CONVERSION = YES;
				CLANG_WARN_INFINITE_RECURSION = YES;
				CLANG_WARN_INT_CONVERSION = YES;
				CLANG_WARN_NON_LITERAL_NULL_CONVERSION = YES;
				CLANG_WARN_OBJC_IMPLICIT_RETAIN_SELF = YES;
				CLANG_WARN_OBJC_LITERAL_CONVERSION = YES;
				CLANG_WARN_OBJC_ROOT_CLASS = YES_ERROR;
				CLANG_WARN_QUOTED_INCLUDE_IN_FRAMEWORK_HEADER = YES;
				CLANG_WARN_RANGE_LOOP_ANALYSIS = YES;
				CLANG_WARN_STRICT_PROTOTYPES = YES;
				CLANG_WARN_SUSPICIOUS_MOVE = YES;
				CLANG_WARN_UNGUARDED_AVAILABILITY = YES_AGGRESSIVE;
				CLANG_WARN_UNREACHABLE_CODE = YES;
				CLANG_WARN__DUPLICATE_METHOD_MATCH = YES;
				COPY_PHASE_STRIP = NO;
				DEBUG_INFORMATION_FORMAT = "dwarf-with-dsym";
				ENABLE_NS_ASSERTIONS = NO;
				ENABLE_STRICT_OBJC_MSGSEND = YES;
				GCC_C_LANGUAGE_STANDARD = gnu11;
				GCC_NO_COMMON_BLOCKS = YES;
				GCC_WARN_64_TO_32_BIT_CONVERSION = YES;
				GCC_WARN_ABOUT_RETURN_TYPE = YES_ERROR;
				GCC_WARN_UNDECLARED_SELECTOR = YES;
				GCC_WARN_UNINITIALIZED_AUTOS = YES_AGGRESSIVE;
				GCC_WARN_UNUSED_FUNCTION = YES;
				GCC_WARN_UNUSED_VARIABLE = YES;
				IPHONEOS_DEPLOYMENT_TARGET = 14.5;
				MTL_ENABLE_DEBUG_INFO = NO;
				MTL_FAST_MATH = YES;
				SDKROOT = iphoneos;
				SWIFT_COMPILATION_MODE = wholemodule;
				SWIFT_OPTIMIZATION_LEVEL = "-O";
				VALIDATE_PRODUCT = YES;
			};
			name = Release;
		};
		39633FF2272649830079E845 /* Debug */ = {
			isa = XCBuildConfiguration;
			baseConfigurationReference = AB4C7738B9E157DF5B5D05B9 /* Pods-kkuduck.debug.xcconfig */;
			buildSettings = {
				ASSETCATALOG_COMPILER_APPICON_NAME = AppIcon;
				ASSETCATALOG_COMPILER_GLOBAL_ACCENT_COLOR_NAME = AccentColor;
				CODE_SIGN_STYLE = Automatic;
				DEVELOPMENT_TEAM = "";
				INFOPLIST_FILE = "kkuduck/Supporting Files/Info.plist";
				IPHONEOS_DEPLOYMENT_TARGET = 14.0;
				LD_RUNPATH_SEARCH_PATHS = (
					"$(inherited)",
					"@executable_path/Frameworks",
				);
				PRODUCT_BUNDLE_IDENTIFIER = hm.nambu.mini.project.kkuduck;
				PRODUCT_NAME = "$(TARGET_NAME)";
				SWIFT_VERSION = 5.0;
				TARGETED_DEVICE_FAMILY = 1;
			};
			name = Debug;
		};
		39633FF3272649830079E845 /* Release */ = {
			isa = XCBuildConfiguration;
			baseConfigurationReference = E6B060A5EE82B12F09AD5F4A /* Pods-kkuduck.release.xcconfig */;
			buildSettings = {
				ASSETCATALOG_COMPILER_APPICON_NAME = AppIcon;
				ASSETCATALOG_COMPILER_GLOBAL_ACCENT_COLOR_NAME = AccentColor;
				CODE_SIGN_STYLE = Automatic;
				DEVELOPMENT_TEAM = "";
				INFOPLIST_FILE = "kkuduck/Supporting Files/Info.plist";
				IPHONEOS_DEPLOYMENT_TARGET = 14.0;
				LD_RUNPATH_SEARCH_PATHS = (
					"$(inherited)",
					"@executable_path/Frameworks",
				);
				PRODUCT_BUNDLE_IDENTIFIER = hm.nambu.mini.project.kkuduck;
				PRODUCT_NAME = "$(TARGET_NAME)";
				SWIFT_VERSION = 5.0;
				TARGETED_DEVICE_FAMILY = 1;
			};
			name = Release;
		};
/* End XCBuildConfiguration section */

/* Begin XCConfigurationList section */
		39633FD82726497F0079E845 /* Build configuration list for PBXProject "kkuduck" */ = {
			isa = XCConfigurationList;
			buildConfigurations = (
				39633FEF272649830079E845 /* Debug */,
				39633FF0272649830079E845 /* Release */,
			);
			defaultConfigurationIsVisible = 0;
			defaultConfigurationName = Release;
		};
		39633FF1272649830079E845 /* Build configuration list for PBXNativeTarget "kkuduck" */ = {
			isa = XCConfigurationList;
			buildConfigurations = (
				39633FF2272649830079E845 /* Debug */,
				39633FF3272649830079E845 /* Release */,
			);
			defaultConfigurationIsVisible = 0;
			defaultConfigurationName = Release;
		};
/* End XCConfigurationList section */
	};
	rootObject = 39633FD52726497F0079E845 /* Project object */;
}
